packages:
- package: calogica/dbt_expectations
  version: 0.8.2
- package: dbt-labs/dbt_external_tables
  version: 0.8.2
- package: dbt-labs/dbt_utils
  version: 1.0.0
- git: https://github.com/FlipsideCrypto/fsc-utils.git
  revision: 8c99db499671ff6f514bd0695f7b1f20bce8d80d
- git: https://github.com/FlipsideCrypto/fsc-evm.git
  revision: 2a41facb272eba867486813d29dad177b913e59f
- package: get-select/dbt_snowflake_query_tags
  version: 2.5.0
- package: calogica/dbt_date
  version: 0.7.2
- git: https://github.com/FlipsideCrypto/livequery-models.git
  revision: b024188be4e9c6bc00ed77797ebdc92d351d620e
sha1_hash: 0a7662309787040f0824f4e98f018e024d01fca1
